// !$*UTF8*$!
{
	archiveVersion = 1;
	classes = {
	};
	objectVersion = 56;
	objects = {

/* Begin PBXBuildFile section */
		A01FCB5B2C8F36DF00FE1EC6 /* GroceryItem.swift in Sources */ = {isa = PBXBuildFile; fileRef = A01FCB5A2C8F36DF00FE1EC6 /* GroceryItem.swift */; };
		A01FCB5F2C8F38C600FE1EC6 /* GroceryListViewModel.swift in Sources */ = {isa = PBXBuildFile; fileRef = A01FCB5E2C8F38C600FE1EC6 /* GroceryListViewModel.swift */; };
		A01FCB622C8F38FD00FE1EC6 /* GroceryListViewModelTests.swift in Sources */ = {isa = PBXBuildFile; fileRef = A01FCB612C8F38FD00FE1EC6 /* GroceryListViewModelTests.swift */; };
		A01FCB642C8F3B7C00FE1EC6 /* GroceriesListFeature.xcstrings in Resources */ = {isa = PBXBuildFile; fileRef = A01FCB632C8F3B7C00FE1EC6 /* GroceriesListFeature.xcstrings */; };
		A01FCB682C8F43E500FE1EC6 /* GroceriesListFeature.xcstrings in Resources */ = {isa = PBXBuildFile; fileRef = A01FCB632C8F3B7C00FE1EC6 /* GroceriesListFeature.xcstrings */; };
		A01FCB6B2C8F4F8400FE1EC6 /* LocalizableCatalog.swift in Sources */ = {isa = PBXBuildFile; fileRef = A01FCB6A2C8F4F8400FE1EC6 /* LocalizableCatalog.swift */; };
		A01FCB6D2C8F565D00FE1EC6 /* GroceryListProvider.swift in Sources */ = {isa = PBXBuildFile; fileRef = A01FCB6C2C8F565D00FE1EC6 /* GroceryListProvider.swift */; };
		A01FCB6F2C8F821800FE1EC6 /* GroceryAddItemViewTests.swift in Sources */ = {isa = PBXBuildFile; fileRef = A01FCB6E2C8F821800FE1EC6 /* GroceryAddItemViewTests.swift */; };
		A01FCB712C8F841A00FE1EC6 /* GroveryAddItemViewModel.swift in Sources */ = {isa = PBXBuildFile; fileRef = A01FCB702C8F841A00FE1EC6 /* GroveryAddItemViewModel.swift */; };
		A01FCB732C8F886900FE1EC6 /* GroceryRemoveItemViewModel.swift in Sources */ = {isa = PBXBuildFile; fileRef = A01FCB722C8F886900FE1EC6 /* GroceryRemoveItemViewModel.swift */; };
		A01FCB752C8F88EF00FE1EC6 /* GroceryRemoveItemViewTests.swift in Sources */ = {isa = PBXBuildFile; fileRef = A01FCB742C8F88EF00FE1EC6 /* GroceryRemoveItemViewTests.swift */; };
		A01FCB782C8F89FA00FE1EC6 /* InMemoryGroceryListProvider.swift in Sources */ = {isa = PBXBuildFile; fileRef = A01FCB772C8F89FA00FE1EC6 /* InMemoryGroceryListProvider.swift */; };
		A01FCB7C2C8F8A5900FE1EC6 /* InMemoryGroceryListProviderTests.swift in Sources */ = {isa = PBXBuildFile; fileRef = A01FCB7B2C8F8A5900FE1EC6 /* InMemoryGroceryListProviderTests.swift */; };
		A01FCB7F2C8F8BA000FE1EC6 /* Fixtures.swift in Sources */ = {isa = PBXBuildFile; fileRef = A01FCB7E2C8F8BA000FE1EC6 /* Fixtures.swift */; };
		A01FCB812C8F8CE800FE1EC6 /* XCTest+MemoryLeakTracking.swift in Sources */ = {isa = PBXBuildFile; fileRef = A01FCB802C8F8CE800FE1EC6 /* XCTest+MemoryLeakTracking.swift */; };
		A05195D72C8F95C600DC5225 /* GroceryButton.swift in Sources */ = {isa = PBXBuildFile; fileRef = A05195D62C8F95C600DC5225 /* GroceryButton.swift */; };
		A05195DA2C8F9C6200DC5225 /* GroceryTextField.swift in Sources */ = {isa = PBXBuildFile; fileRef = A05195D92C8F9C6200DC5225 /* GroceryTextField.swift */; };
		A05195DC2C8FD0A600DC5225 /* GroceryRowView.swift in Sources */ = {isa = PBXBuildFile; fileRef = A05195DB2C8FD0A600DC5225 /* GroceryRowView.swift */; };
		A05195DF2C8FD40400DC5225 /* GroceryListView.swift in Sources */ = {isa = PBXBuildFile; fileRef = A05195DE2C8FD40400DC5225 /* GroceryListView.swift */; };
		A0B724492C8F3175003D3E4F /* GradientsApp.swift in Sources */ = {isa = PBXBuildFile; fileRef = A0B724482C8F3175003D3E4F /* GradientsApp.swift */; };
		A0B7244D2C8F3176003D3E4F /* Assets.xcassets in Resources */ = {isa = PBXBuildFile; fileRef = A0B7244C2C8F3176003D3E4F /* Assets.xcassets */; };
		A0B724512C8F3176003D3E4F /* Preview Assets.xcassets in Resources */ = {isa = PBXBuildFile; fileRef = A0B724502C8F3176003D3E4F /* Preview Assets.xcassets */; };
		A0B724802C8F31AD003D3E4F /* GroceryListFeature.framework in Frameworks */ = {isa = PBXBuildFile; fileRef = A0B724782C8F31AD003D3E4F /* GroceryListFeature.framework */; };
		A0B724882C8F31AD003D3E4F /* GradientListFeature.h in Headers */ = {isa = PBXBuildFile; fileRef = A0B7247A2C8F31AD003D3E4F /* GradientListFeature.h */; settings = {ATTRIBUTES = (Public, ); }; };
		A0B7248B2C8F31AD003D3E4F /* GroceryListFeature.framework in Frameworks */ = {isa = PBXBuildFile; fileRef = A0B724782C8F31AD003D3E4F /* GroceryListFeature.framework */; };
		A0B7248C2C8F31AD003D3E4F /* GroceryListFeature.framework in Embed Frameworks */ = {isa = PBXBuildFile; fileRef = A0B724782C8F31AD003D3E4F /* GroceryListFeature.framework */; settings = {ATTRIBUTES = (CodeSignOnCopy, RemoveHeadersOnCopy, ); }; };
/* End PBXBuildFile section */

/* Begin PBXContainerItemProxy section */
		A0B724812C8F31AD003D3E4F /* PBXContainerItemProxy */ = {
			isa = PBXContainerItemProxy;
			containerPortal = A0B7243D2C8F3175003D3E4F /* Project object */;
			proxyType = 1;
			remoteGlobalIDString = A0B724772C8F31AD003D3E4F;
			remoteInfo = GradientListFeature;
		};
		A0B724892C8F31AD003D3E4F /* PBXContainerItemProxy */ = {
			isa = PBXContainerItemProxy;
			containerPortal = A0B7243D2C8F3175003D3E4F /* Project object */;
			proxyType = 1;
			remoteGlobalIDString = A0B724772C8F31AD003D3E4F;
			remoteInfo = GradientListFeature;
		};
/* End PBXContainerItemProxy section */

/* Begin PBXCopyFilesBuildPhase section */
		A0B724902C8F31AD003D3E4F /* Embed Frameworks */ = {
			isa = PBXCopyFilesBuildPhase;
			buildActionMask = 2147483647;
			dstPath = "";
			dstSubfolderSpec = 10;
			files = (
				A0B7248C2C8F31AD003D3E4F /* GroceryListFeature.framework in Embed Frameworks */,
			);
			name = "Embed Frameworks";
			runOnlyForDeploymentPostprocessing = 0;
		};
/* End PBXCopyFilesBuildPhase section */

/* Begin PBXFileReference section */
		A01FCB5A2C8F36DF00FE1EC6 /* GroceryItem.swift */ = {isa = PBXFileReference; lastKnownFileType = sourcecode.swift; path = GroceryItem.swift; sourceTree = "<group>"; };
		A01FCB5E2C8F38C600FE1EC6 /* GroceryListViewModel.swift */ = {isa = PBXFileReference; lastKnownFileType = sourcecode.swift; path = GroceryListViewModel.swift; sourceTree = "<group>"; };
		A01FCB602C8F38FD00FE1EC6 /* GroceryListFeatureTests-Bridging-Header.h */ = {isa = PBXFileReference; lastKnownFileType = sourcecode.c.h; path = "GroceryListFeatureTests-Bridging-Header.h"; sourceTree = "<group>"; };
		A01FCB612C8F38FD00FE1EC6 /* GroceryListViewModelTests.swift */ = {isa = PBXFileReference; lastKnownFileType = sourcecode.swift; path = GroceryListViewModelTests.swift; sourceTree = "<group>"; };
		A01FCB632C8F3B7C00FE1EC6 /* GroceriesListFeature.xcstrings */ = {isa = PBXFileReference; lastKnownFileType = text.json.xcstrings; path = GroceriesListFeature.xcstrings; sourceTree = "<group>"; };
		A01FCB6A2C8F4F8400FE1EC6 /* LocalizableCatalog.swift */ = {isa = PBXFileReference; lastKnownFileType = sourcecode.swift; path = LocalizableCatalog.swift; sourceTree = "<group>"; };
		A01FCB6C2C8F565D00FE1EC6 /* GroceryListProvider.swift */ = {isa = PBXFileReference; lastKnownFileType = sourcecode.swift; path = GroceryListProvider.swift; sourceTree = "<group>"; };
		A01FCB6E2C8F821800FE1EC6 /* GroceryAddItemViewTests.swift */ = {isa = PBXFileReference; lastKnownFileType = sourcecode.swift; path = GroceryAddItemViewTests.swift; sourceTree = "<group>"; };
		A01FCB702C8F841A00FE1EC6 /* GroveryAddItemViewModel.swift */ = {isa = PBXFileReference; lastKnownFileType = sourcecode.swift; path = GroveryAddItemViewModel.swift; sourceTree = "<group>"; };
		A01FCB722C8F886900FE1EC6 /* GroceryRemoveItemViewModel.swift */ = {isa = PBXFileReference; lastKnownFileType = sourcecode.swift; path = GroceryRemoveItemViewModel.swift; sourceTree = "<group>"; };
		A01FCB742C8F88EF00FE1EC6 /* GroceryRemoveItemViewTests.swift */ = {isa = PBXFileReference; lastKnownFileType = sourcecode.swift; path = GroceryRemoveItemViewTests.swift; sourceTree = "<group>"; };
		A01FCB772C8F89FA00FE1EC6 /* InMemoryGroceryListProvider.swift */ = {isa = PBXFileReference; lastKnownFileType = sourcecode.swift; path = InMemoryGroceryListProvider.swift; sourceTree = "<group>"; };
		A01FCB7B2C8F8A5900FE1EC6 /* InMemoryGroceryListProviderTests.swift */ = {isa = PBXFileReference; lastKnownFileType = sourcecode.swift; path = InMemoryGroceryListProviderTests.swift; sourceTree = "<group>"; };
		A01FCB7E2C8F8BA000FE1EC6 /* Fixtures.swift */ = {isa = PBXFileReference; lastKnownFileType = sourcecode.swift; path = Fixtures.swift; sourceTree = "<group>"; };
		A01FCB802C8F8CE800FE1EC6 /* XCTest+MemoryLeakTracking.swift */ = {isa = PBXFileReference; lastKnownFileType = sourcecode.swift; path = "XCTest+MemoryLeakTracking.swift"; sourceTree = "<group>"; };
		A05195D42C8F94DE00DC5225 /* GradientListFeature.xctestplan */ = {isa = PBXFileReference; lastKnownFileType = text; name = GradientListFeature.xctestplan; path = GroceryListFeatureTests/GradientListFeature.xctestplan; sourceTree = SOURCE_ROOT; };
		A05195D62C8F95C600DC5225 /* GroceryButton.swift */ = {isa = PBXFileReference; lastKnownFileType = sourcecode.swift; path = GroceryButton.swift; sourceTree = "<group>"; };
		A05195D92C8F9C6200DC5225 /* GroceryTextField.swift */ = {isa = PBXFileReference; lastKnownFileType = sourcecode.swift; path = GroceryTextField.swift; sourceTree = "<group>"; };
		A05195DB2C8FD0A600DC5225 /* GroceryRowView.swift */ = {isa = PBXFileReference; lastKnownFileType = sourcecode.swift; path = GroceryRowView.swift; sourceTree = "<group>"; };
		A05195DE2C8FD40400DC5225 /* GroceryListView.swift */ = {isa = PBXFileReference; lastKnownFileType = sourcecode.swift; path = GroceryListView.swift; sourceTree = "<group>"; };
		A0B724452C8F3175003D3E4F /* Gradients.app */ = {isa = PBXFileReference; explicitFileType = wrapper.application; includeInIndex = 0; path = Gradients.app; sourceTree = BUILT_PRODUCTS_DIR; };
		A0B724482C8F3175003D3E4F /* GradientsApp.swift */ = {isa = PBXFileReference; lastKnownFileType = sourcecode.swift; path = GradientsApp.swift; sourceTree = "<group>"; };
		A0B7244C2C8F3176003D3E4F /* Assets.xcassets */ = {isa = PBXFileReference; lastKnownFileType = folder.assetcatalog; path = Assets.xcassets; sourceTree = "<group>"; };
		A0B7244E2C8F3176003D3E4F /* Gradients.entitlements */ = {isa = PBXFileReference; lastKnownFileType = text.plist.entitlements; path = Gradients.entitlements; sourceTree = "<group>"; };
		A0B724502C8F3176003D3E4F /* Preview Assets.xcassets */ = {isa = PBXFileReference; lastKnownFileType = folder.assetcatalog; path = "Preview Assets.xcassets"; sourceTree = "<group>"; };
		A0B724782C8F31AD003D3E4F /* GroceryListFeature.framework */ = {isa = PBXFileReference; explicitFileType = wrapper.framework; includeInIndex = 0; path = GroceryListFeature.framework; sourceTree = BUILT_PRODUCTS_DIR; };
		A0B7247A2C8F31AD003D3E4F /* GradientListFeature.h */ = {isa = PBXFileReference; lastKnownFileType = sourcecode.c.h; path = GradientListFeature.h; sourceTree = "<group>"; };
		A0B7247F2C8F31AD003D3E4F /* GroceryListFeatureTests.xctest */ = {isa = PBXFileReference; explicitFileType = wrapper.cfbundle; includeInIndex = 0; path = GroceryListFeatureTests.xctest; sourceTree = BUILT_PRODUCTS_DIR; };
/* End PBXFileReference section */

/* Begin PBXFrameworksBuildPhase section */
		A0B724422C8F3175003D3E4F /* Frameworks */ = {
			isa = PBXFrameworksBuildPhase;
			buildActionMask = 2147483647;
			files = (
				A0B7248B2C8F31AD003D3E4F /* GroceryListFeature.framework in Frameworks */,
			);
			runOnlyForDeploymentPostprocessing = 0;
		};
		A0B724752C8F31AD003D3E4F /* Frameworks */ = {
			isa = PBXFrameworksBuildPhase;
			buildActionMask = 2147483647;
			files = (
			);
			runOnlyForDeploymentPostprocessing = 0;
		};
		A0B7247C2C8F31AD003D3E4F /* Frameworks */ = {
			isa = PBXFrameworksBuildPhase;
			buildActionMask = 2147483647;
			files = (
				A0B724802C8F31AD003D3E4F /* GroceryListFeature.framework in Frameworks */,
			);
			runOnlyForDeploymentPostprocessing = 0;
		};
/* End PBXFrameworksBuildPhase section */

/* Begin PBXGroup section */
		A01FCB5C2C8F387100FE1EC6 /* Groceries */ = {
			isa = PBXGroup;
			children = (
				A01FCB5A2C8F36DF00FE1EC6 /* GroceryItem.swift */,
				A01FCB6C2C8F565D00FE1EC6 /* GroceryListProvider.swift */,
			);
			path = Groceries;
			sourceTree = "<group>";
		};
		A01FCB5D2C8F38B100FE1EC6 /* Presentation */ = {
			isa = PBXGroup;
			children = (
				A01FCB692C8F4F7500FE1EC6 /* Localization */,
				A01FCB5E2C8F38C600FE1EC6 /* GroceryListViewModel.swift */,
				A01FCB702C8F841A00FE1EC6 /* GroveryAddItemViewModel.swift */,
				A01FCB722C8F886900FE1EC6 /* GroceryRemoveItemViewModel.swift */,
			);
			path = Presentation;
			sourceTree = "<group>";
		};
		A01FCB692C8F4F7500FE1EC6 /* Localization */ = {
			isa = PBXGroup;
			children = (
				A01FCB632C8F3B7C00FE1EC6 /* GroceriesListFeature.xcstrings */,
				A01FCB6A2C8F4F8400FE1EC6 /* LocalizableCatalog.swift */,
			);
			path = Localization;
			sourceTree = "<group>";
		};
		A01FCB762C8F89D500FE1EC6 /* Persistance */ = {
			isa = PBXGroup;
			children = (
				A01FCB772C8F89FA00FE1EC6 /* InMemoryGroceryListProvider.swift */,
			);
			path = Persistance;
			sourceTree = "<group>";
		};
		A01FCB792C8F8A2B00FE1EC6 /* GroceriesTests */ = {
			isa = PBXGroup;
			children = (
				A01FCB612C8F38FD00FE1EC6 /* GroceryListViewModelTests.swift */,
				A01FCB6E2C8F821800FE1EC6 /* GroceryAddItemViewTests.swift */,
				A01FCB742C8F88EF00FE1EC6 /* GroceryRemoveItemViewTests.swift */,
			);
			path = GroceriesTests;
			sourceTree = "<group>";
		};
		A01FCB7A2C8F8A3D00FE1EC6 /* PersistanceTests */ = {
			isa = PBXGroup;
			children = (
				A01FCB7B2C8F8A5900FE1EC6 /* InMemoryGroceryListProviderTests.swift */,
			);
			path = PersistanceTests;
			sourceTree = "<group>";
		};
		A01FCB7D2C8F8B5F00FE1EC6 /* XCTest+Helpers */ = {
			isa = PBXGroup;
			children = (
				A01FCB7E2C8F8BA000FE1EC6 /* Fixtures.swift */,
				A01FCB802C8F8CE800FE1EC6 /* XCTest+MemoryLeakTracking.swift */,
			);
			path = "XCTest+Helpers";
			sourceTree = "<group>";
		};
		A05195D52C8F958900DC5225 /* UIComponents */ = {
			isa = PBXGroup;
			children = (
				A05195D82C8F95CA00DC5225 /* Atoms */,
				A05195DD2C8FD39100DC5225 /* Molecules */,
			);
			path = UIComponents;
			sourceTree = "<group>";
		};
		A05195D82C8F95CA00DC5225 /* Atoms */ = {
			isa = PBXGroup;
			children = (
				A05195D62C8F95C600DC5225 /* GroceryButton.swift */,
				A05195D92C8F9C6200DC5225 /* GroceryTextField.swift */,
				A05195DB2C8FD0A600DC5225 /* GroceryRowView.swift */,
			);
			path = Atoms;
			sourceTree = "<group>";
		};
		A05195DD2C8FD39100DC5225 /* Molecules */ = {
			isa = PBXGroup;
			children = (
				A05195DE2C8FD40400DC5225 /* GroceryListView.swift */,
			);
			path = Molecules;
			sourceTree = "<group>";
		};
		A0B7243C2C8F3175003D3E4F = {
			isa = PBXGroup;
			children = (
				A0B724472C8F3175003D3E4F /* Gradients */,
				A0B724792C8F31AD003D3E4F /* GroceryListFeature */,
				A0B724852C8F31AD003D3E4F /* GroceryListFeatureTests */,
				A0B724462C8F3175003D3E4F /* Products */,
			);
			sourceTree = "<group>";
		};
		A0B724462C8F3175003D3E4F /* Products */ = {
			isa = PBXGroup;
			children = (
				A0B724452C8F3175003D3E4F /* Gradients.app */,
				A0B724782C8F31AD003D3E4F /* GroceryListFeature.framework */,
				A0B7247F2C8F31AD003D3E4F /* GroceryListFeatureTests.xctest */,
			);
			name = Products;
			sourceTree = "<group>";
		};
		A0B724472C8F3175003D3E4F /* Gradients */ = {
			isa = PBXGroup;
			children = (
				A05195D52C8F958900DC5225 /* UIComponents */,
				A0B724482C8F3175003D3E4F /* GradientsApp.swift */,
				A0B7244C2C8F3176003D3E4F /* Assets.xcassets */,
				A0B7244E2C8F3176003D3E4F /* Gradients.entitlements */,
				A0B7244F2C8F3176003D3E4F /* Preview Content */,
			);
			path = Gradients;
			sourceTree = "<group>";
		};
		A0B7244F2C8F3176003D3E4F /* Preview Content */ = {
			isa = PBXGroup;
			children = (
				A0B724502C8F3176003D3E4F /* Preview Assets.xcassets */,
			);
			path = "Preview Content";
			sourceTree = "<group>";
		};
		A0B724792C8F31AD003D3E4F /* GroceryListFeature */ = {
			isa = PBXGroup;
			children = (
				A0B7247A2C8F31AD003D3E4F /* GradientListFeature.h */,
				A01FCB762C8F89D500FE1EC6 /* Persistance */,
				A01FCB5C2C8F387100FE1EC6 /* Groceries */,
				A01FCB5D2C8F38B100FE1EC6 /* Presentation */,
			);
			path = GroceryListFeature;
			sourceTree = "<group>";
		};
		A0B724852C8F31AD003D3E4F /* GroceryListFeatureTests */ = {
			isa = PBXGroup;
			children = (
				A05195D42C8F94DE00DC5225 /* GradientListFeature.xctestplan */,
				A01FCB602C8F38FD00FE1EC6 /* GroceryListFeatureTests-Bridging-Header.h */,
				A01FCB7D2C8F8B5F00FE1EC6 /* XCTest+Helpers */,
				A01FCB7A2C8F8A3D00FE1EC6 /* PersistanceTests */,
				A01FCB792C8F8A2B00FE1EC6 /* GroceriesTests */,
			);
			path = GroceryListFeatureTests;
			sourceTree = "<group>";
		};
/* End PBXGroup section */

/* Begin PBXHeadersBuildPhase section */
		A0B724732C8F31AD003D3E4F /* Headers */ = {
			isa = PBXHeadersBuildPhase;
			buildActionMask = 2147483647;
			files = (
				A0B724882C8F31AD003D3E4F /* GradientListFeature.h in Headers */,
			);
			runOnlyForDeploymentPostprocessing = 0;
		};
/* End PBXHeadersBuildPhase section */

/* Begin PBXNativeTarget section */
		A0B724442C8F3175003D3E4F /* Gradients */ = {
			isa = PBXNativeTarget;
			buildConfigurationList = A0B7246A2C8F3177003D3E4F /* Build configuration list for PBXNativeTarget "Gradients" */;
			buildPhases = (
				A0B724412C8F3175003D3E4F /* Sources */,
				A0B724422C8F3175003D3E4F /* Frameworks */,
				A0B724432C8F3175003D3E4F /* Resources */,
				A0B724902C8F31AD003D3E4F /* Embed Frameworks */,
			);
			buildRules = (
			);
			dependencies = (
				A0B7248A2C8F31AD003D3E4F /* PBXTargetDependency */,
			);
			name = Gradients;
			productName = Gradients;
			productReference = A0B724452C8F3175003D3E4F /* Gradients.app */;
			productType = "com.apple.product-type.application";
		};
		A0B724772C8F31AD003D3E4F /* GroceryListFeature */ = {
			isa = PBXNativeTarget;
			buildConfigurationList = A0B7248D2C8F31AD003D3E4F /* Build configuration list for PBXNativeTarget "GroceryListFeature" */;
			buildPhases = (
				A0B724732C8F31AD003D3E4F /* Headers */,
				A0B724742C8F31AD003D3E4F /* Sources */,
				A0B724752C8F31AD003D3E4F /* Frameworks */,
				A0B724762C8F31AD003D3E4F /* Resources */,
			);
			buildRules = (
			);
			dependencies = (
			);
			name = GroceryListFeature;
			productName = GradientListFeature;
			productReference = A0B724782C8F31AD003D3E4F /* GroceryListFeature.framework */;
			productType = "com.apple.product-type.framework";
		};
		A0B7247E2C8F31AD003D3E4F /* GroceryListFeatureTests */ = {
			isa = PBXNativeTarget;
			buildConfigurationList = A0B724912C8F31AD003D3E4F /* Build configuration list for PBXNativeTarget "GroceryListFeatureTests" */;
			buildPhases = (
				A0B7247B2C8F31AD003D3E4F /* Sources */,
				A0B7247C2C8F31AD003D3E4F /* Frameworks */,
				A0B7247D2C8F31AD003D3E4F /* Resources */,
			);
			buildRules = (
			);
			dependencies = (
				A0B724822C8F31AD003D3E4F /* PBXTargetDependency */,
			);
			name = GroceryListFeatureTests;
			productName = GradientListFeatureTests;
			productReference = A0B7247F2C8F31AD003D3E4F /* GroceryListFeatureTests.xctest */;
			productType = "com.apple.product-type.bundle.unit-test";
		};
/* End PBXNativeTarget section */

/* Begin PBXProject section */
		A0B7243D2C8F3175003D3E4F /* Project object */ = {
			isa = PBXProject;
			attributes = {
				BuildIndependentTargetsInParallel = 1;
				LastSwiftUpdateCheck = 1540;
				LastUpgradeCheck = 1540;
				TargetAttributes = {
					A0B724442C8F3175003D3E4F = {
						CreatedOnToolsVersion = 15.4;
					};
					A0B724772C8F31AD003D3E4F = {
						CreatedOnToolsVersion = 15.4;
						LastSwiftMigration = 1540;
					};
					A0B7247E2C8F31AD003D3E4F = {
						CreatedOnToolsVersion = 15.4;
						LastSwiftMigration = 1540;
					};
				};
			};
			buildConfigurationList = A0B724402C8F3175003D3E4F /* Build configuration list for PBXProject "Gradients" */;
			compatibilityVersion = "Xcode 14.0";
			developmentRegion = en;
			hasScannedForEncodings = 0;
			knownRegions = (
				en,
				Base,
			);
			mainGroup = A0B7243C2C8F3175003D3E4F;
			productRefGroup = A0B724462C8F3175003D3E4F /* Products */;
			projectDirPath = "";
			projectRoot = "";
			targets = (
				A0B724442C8F3175003D3E4F /* Gradients */,
				A0B724772C8F31AD003D3E4F /* GroceryListFeature */,
				A0B7247E2C8F31AD003D3E4F /* GroceryListFeatureTests */,
			);
		};
/* End PBXProject section */

/* Begin PBXResourcesBuildPhase section */
		A0B724432C8F3175003D3E4F /* Resources */ = {
			isa = PBXResourcesBuildPhase;
			buildActionMask = 2147483647;
			files = (
				A0B724512C8F3176003D3E4F /* Preview Assets.xcassets in Resources */,
				A0B7244D2C8F3176003D3E4F /* Assets.xcassets in Resources */,
				A01FCB682C8F43E500FE1EC6 /* GroceriesListFeature.xcstrings in Resources */,
			);
			runOnlyForDeploymentPostprocessing = 0;
		};
		A0B724762C8F31AD003D3E4F /* Resources */ = {
			isa = PBXResourcesBuildPhase;
			buildActionMask = 2147483647;
			files = (
				A01FCB642C8F3B7C00FE1EC6 /* GroceriesListFeature.xcstrings in Resources */,
			);
			runOnlyForDeploymentPostprocessing = 0;
		};
		A0B7247D2C8F31AD003D3E4F /* Resources */ = {
			isa = PBXResourcesBuildPhase;
			buildActionMask = 2147483647;
			files = (
			);
			runOnlyForDeploymentPostprocessing = 0;
		};
/* End PBXResourcesBuildPhase section */

/* Begin PBXSourcesBuildPhase section */
		A0B724412C8F3175003D3E4F /* Sources */ = {
			isa = PBXSourcesBuildPhase;
			buildActionMask = 2147483647;
			files = (
				A0B724492C8F3175003D3E4F /* GradientsApp.swift in Sources */,
				A05195DA2C8F9C6200DC5225 /* GroceryTextField.swift in Sources */,
				A05195DF2C8FD40400DC5225 /* GroceryListView.swift in Sources */,
				A05195D72C8F95C600DC5225 /* GroceryButton.swift in Sources */,
				A05195DC2C8FD0A600DC5225 /* GroceryRowView.swift in Sources */,
			);
			runOnlyForDeploymentPostprocessing = 0;
		};
		A0B724742C8F31AD003D3E4F /* Sources */ = {
			isa = PBXSourcesBuildPhase;
			buildActionMask = 2147483647;
			files = (
				A01FCB5F2C8F38C600FE1EC6 /* GroceryListViewModel.swift in Sources */,
				A01FCB6B2C8F4F8400FE1EC6 /* LocalizableCatalog.swift in Sources */,
				A01FCB732C8F886900FE1EC6 /* GroceryRemoveItemViewModel.swift in Sources */,
				A01FCB6D2C8F565D00FE1EC6 /* GroceryListProvider.swift in Sources */,
				A01FCB5B2C8F36DF00FE1EC6 /* GroceryItem.swift in Sources */,
				A01FCB712C8F841A00FE1EC6 /* GroveryAddItemViewModel.swift in Sources */,
				A01FCB782C8F89FA00FE1EC6 /* InMemoryGroceryListProvider.swift in Sources */,
			);
			runOnlyForDeploymentPostprocessing = 0;
		};
		A0B7247B2C8F31AD003D3E4F /* Sources */ = {
			isa = PBXSourcesBuildPhase;
			buildActionMask = 2147483647;
			files = (
				A01FCB6F2C8F821800FE1EC6 /* GroceryAddItemViewTests.swift in Sources */,
				A01FCB812C8F8CE800FE1EC6 /* XCTest+MemoryLeakTracking.swift in Sources */,
				A01FCB752C8F88EF00FE1EC6 /* GroceryRemoveItemViewTests.swift in Sources */,
				A01FCB7C2C8F8A5900FE1EC6 /* InMemoryGroceryListProviderTests.swift in Sources */,
				A01FCB7F2C8F8BA000FE1EC6 /* Fixtures.swift in Sources */,
				A01FCB622C8F38FD00FE1EC6 /* GroceryListViewModelTests.swift in Sources */,
			);
			runOnlyForDeploymentPostprocessing = 0;
		};
/* End PBXSourcesBuildPhase section */

/* Begin PBXTargetDependency section */
		A0B724822C8F31AD003D3E4F /* PBXTargetDependency */ = {
			isa = PBXTargetDependency;
			target = A0B724772C8F31AD003D3E4F /* GroceryListFeature */;
			targetProxy = A0B724812C8F31AD003D3E4F /* PBXContainerItemProxy */;
		};
		A0B7248A2C8F31AD003D3E4F /* PBXTargetDependency */ = {
			isa = PBXTargetDependency;
			target = A0B724772C8F31AD003D3E4F /* GroceryListFeature */;
			targetProxy = A0B724892C8F31AD003D3E4F /* PBXContainerItemProxy */;
		};
/* End PBXTargetDependency section */

/* Begin XCBuildConfiguration section */
		A0B724682C8F3177003D3E4F /* Debug */ = {
			isa = XCBuildConfiguration;
			buildSettings = {
				ALWAYS_SEARCH_USER_PATHS = NO;
				ASSETCATALOG_COMPILER_GENERATE_SWIFT_ASSET_SYMBOL_EXTENSIONS = YES;
				CLANG_ANALYZER_NONNULL = YES;
				CLANG_ANALYZER_NUMBER_OBJECT_CONVERSION = YES_AGGRESSIVE;
				CLANG_CXX_LANGUAGE_STANDARD = "gnu++20";
				CLANG_ENABLE_MODULES = YES;
				CLANG_ENABLE_OBJC_ARC = YES;
				CLANG_ENABLE_OBJC_WEAK = YES;
				CLANG_WARN_BLOCK_CAPTURE_AUTORELEASING = YES;
				CLANG_WARN_BOOL_CONVERSION = YES;
				CLANG_WARN_COMMA = YES;
				CLANG_WARN_CONSTANT_CONVERSION = YES;
				CLANG_WARN_DEPRECATED_OBJC_IMPLEMENTATIONS = YES;
				CLANG_WARN_DIRECT_OBJC_ISA_USAGE = YES_ERROR;
				CLANG_WARN_DOCUMENTATION_COMMENTS = YES;
				CLANG_WARN_EMPTY_BODY = YES;
				CLANG_WARN_ENUM_CONVERSION = YES;
				CLANG_WARN_INFINITE_RECURSION = YES;
				CLANG_WARN_INT_CONVERSION = YES;
				CLANG_WARN_NON_LITERAL_NULL_CONVERSION = YES;
				CLANG_WARN_OBJC_IMPLICIT_RETAIN_SELF = YES;
				CLANG_WARN_OBJC_LITERAL_CONVERSION = YES;
				CLANG_WARN_OBJC_ROOT_CLASS = YES_ERROR;
				CLANG_WARN_QUOTED_INCLUDE_IN_FRAMEWORK_HEADER = YES;
				CLANG_WARN_RANGE_LOOP_ANALYSIS = YES;
				CLANG_WARN_STRICT_PROTOTYPES = YES;
				CLANG_WARN_SUSPICIOUS_MOVE = YES;
				CLANG_WARN_UNGUARDED_AVAILABILITY = YES_AGGRESSIVE;
				CLANG_WARN_UNREACHABLE_CODE = YES;
				CLANG_WARN__DUPLICATE_METHOD_MATCH = YES;
				COPY_PHASE_STRIP = NO;
				DEBUG_INFORMATION_FORMAT = dwarf;
				ENABLE_STRICT_OBJC_MSGSEND = YES;
				ENABLE_TESTABILITY = YES;
				ENABLE_USER_SCRIPT_SANDBOXING = YES;
				GCC_C_LANGUAGE_STANDARD = gnu17;
				GCC_DYNAMIC_NO_PIC = NO;
				GCC_NO_COMMON_BLOCKS = YES;
				GCC_OPTIMIZATION_LEVEL = 0;
				GCC_PREPROCESSOR_DEFINITIONS = (
					"DEBUG=1",
					"$(inherited)",
				);
				GCC_WARN_64_TO_32_BIT_CONVERSION = YES;
				GCC_WARN_ABOUT_RETURN_TYPE = YES_ERROR;
				GCC_WARN_UNDECLARED_SELECTOR = YES;
				GCC_WARN_UNINITIALIZED_AUTOS = YES_AGGRESSIVE;
				GCC_WARN_UNUSED_FUNCTION = YES;
				GCC_WARN_UNUSED_VARIABLE = YES;
				LOCALIZATION_PREFERS_STRING_CATALOGS = YES;
				MTL_ENABLE_DEBUG_INFO = INCLUDE_SOURCE;
				MTL_FAST_MATH = YES;
				ONLY_ACTIVE_ARCH = YES;
				SWIFT_ACTIVE_COMPILATION_CONDITIONS = "DEBUG $(inherited)";
				SWIFT_OPTIMIZATION_LEVEL = "-Onone";
			};
			name = Debug;
		};
		A0B724692C8F3177003D3E4F /* Release */ = {
			isa = XCBuildConfiguration;
			buildSettings = {
				ALWAYS_SEARCH_USER_PATHS = NO;
				ASSETCATALOG_COMPILER_GENERATE_SWIFT_ASSET_SYMBOL_EXTENSIONS = YES;
				CLANG_ANALYZER_NONNULL = YES;
				CLANG_ANALYZER_NUMBER_OBJECT_CONVERSION = YES_AGGRESSIVE;
				CLANG_CXX_LANGUAGE_STANDARD = "gnu++20";
				CLANG_ENABLE_MODULES = YES;
				CLANG_ENABLE_OBJC_ARC = YES;
				CLANG_ENABLE_OBJC_WEAK = YES;
				CLANG_WARN_BLOCK_CAPTURE_AUTORELEASING = YES;
				CLANG_WARN_BOOL_CONVERSION = YES;
				CLANG_WARN_COMMA = YES;
				CLANG_WARN_CONSTANT_CONVERSION = YES;
				CLANG_WARN_DEPRECATED_OBJC_IMPLEMENTATIONS = YES;
				CLANG_WARN_DIRECT_OBJC_ISA_USAGE = YES_ERROR;
				CLANG_WARN_DOCUMENTATION_COMMENTS = YES;
				CLANG_WARN_EMPTY_BODY = YES;
				CLANG_WARN_ENUM_CONVERSION = YES;
				CLANG_WARN_INFINITE_RECURSION = YES;
				CLANG_WARN_INT_CONVERSION = YES;
				CLANG_WARN_NON_LITERAL_NULL_CONVERSION = YES;
				CLANG_WARN_OBJC_IMPLICIT_RETAIN_SELF = YES;
				CLANG_WARN_OBJC_LITERAL_CONVERSION = YES;
				CLANG_WARN_OBJC_ROOT_CLASS = YES_ERROR;
				CLANG_WARN_QUOTED_INCLUDE_IN_FRAMEWORK_HEADER = YES;
				CLANG_WARN_RANGE_LOOP_ANALYSIS = YES;
				CLANG_WARN_STRICT_PROTOTYPES = YES;
				CLANG_WARN_SUSPICIOUS_MOVE = YES;
				CLANG_WARN_UNGUARDED_AVAILABILITY = YES_AGGRESSIVE;
				CLANG_WARN_UNREACHABLE_CODE = YES;
				CLANG_WARN__DUPLICATE_METHOD_MATCH = YES;
				COPY_PHASE_STRIP = NO;
				DEBUG_INFORMATION_FORMAT = "dwarf-with-dsym";
				ENABLE_NS_ASSERTIONS = NO;
				ENABLE_STRICT_OBJC_MSGSEND = YES;
				ENABLE_USER_SCRIPT_SANDBOXING = YES;
				GCC_C_LANGUAGE_STANDARD = gnu17;
				GCC_NO_COMMON_BLOCKS = YES;
				GCC_WARN_64_TO_32_BIT_CONVERSION = YES;
				GCC_WARN_ABOUT_RETURN_TYPE = YES_ERROR;
				GCC_WARN_UNDECLARED_SELECTOR = YES;
				GCC_WARN_UNINITIALIZED_AUTOS = YES_AGGRESSIVE;
				GCC_WARN_UNUSED_FUNCTION = YES;
				GCC_WARN_UNUSED_VARIABLE = YES;
				LOCALIZATION_PREFERS_STRING_CATALOGS = YES;
				MTL_ENABLE_DEBUG_INFO = NO;
				MTL_FAST_MATH = YES;
				SWIFT_COMPILATION_MODE = wholemodule;
			};
			name = Release;
		};
		A0B7246B2C8F3177003D3E4F /* Debug */ = {
			isa = XCBuildConfiguration;
			buildSettings = {
				ALWAYS_EMBED_SWIFT_STANDARD_LIBRARIES = YES;
				ASSETCATALOG_COMPILER_APPICON_NAME = AppIcon;
				ASSETCATALOG_COMPILER_GLOBAL_ACCENT_COLOR_NAME = AccentColor;
				CODE_SIGN_ENTITLEMENTS = Gradients/Gradients.entitlements;
				CODE_SIGN_STYLE = Automatic;
				CURRENT_PROJECT_VERSION = 1;
				DEVELOPMENT_ASSET_PATHS = "\"Gradients/Preview Content\"";
				DEVELOPMENT_TEAM = 3U43ADBY7W;
				ENABLE_HARDENED_RUNTIME = YES;
				ENABLE_PREVIEWS = YES;
				GENERATE_INFOPLIST_FILE = YES;
				"INFOPLIST_KEY_UIApplicationSceneManifest_Generation[sdk=iphoneos*]" = YES;
				"INFOPLIST_KEY_UIApplicationSceneManifest_Generation[sdk=iphonesimulator*]" = YES;
				"INFOPLIST_KEY_UIApplicationSupportsIndirectInputEvents[sdk=iphoneos*]" = YES;
				"INFOPLIST_KEY_UIApplicationSupportsIndirectInputEvents[sdk=iphonesimulator*]" = YES;
				"INFOPLIST_KEY_UILaunchScreen_Generation[sdk=iphoneos*]" = YES;
				"INFOPLIST_KEY_UILaunchScreen_Generation[sdk=iphonesimulator*]" = YES;
				"INFOPLIST_KEY_UIStatusBarStyle[sdk=iphoneos*]" = UIStatusBarStyleDefault;
				"INFOPLIST_KEY_UIStatusBarStyle[sdk=iphonesimulator*]" = UIStatusBarStyleDefault;
				INFOPLIST_KEY_UISupportedInterfaceOrientations_iPad = "UIInterfaceOrientationPortrait UIInterfaceOrientationPortraitUpsideDown UIInterfaceOrientationLandscapeLeft UIInterfaceOrientationLandscapeRight";
				INFOPLIST_KEY_UISupportedInterfaceOrientations_iPhone = "UIInterfaceOrientationPortrait UIInterfaceOrientationLandscapeLeft UIInterfaceOrientationLandscapeRight";
				IPHONEOS_DEPLOYMENT_TARGET = 17.5;
				LD_RUNPATH_SEARCH_PATHS = "@executable_path/Frameworks";
				"LD_RUNPATH_SEARCH_PATHS[sdk=macosx*]" = "@executable_path/../Frameworks";
				MACOSX_DEPLOYMENT_TARGET = 14.5;
				MARKETING_VERSION = 1.0;
				PRODUCT_BUNDLE_IDENTIFIER = testing.Gradients;
				PRODUCT_NAME = "$(TARGET_NAME)";
				SDKROOT = auto;
				SUPPORTED_PLATFORMS = "iphoneos iphonesimulator macosx";
				SUPPORTS_MACCATALYST = NO;
				SWIFT_EMIT_LOC_STRINGS = YES;
				SWIFT_VERSION = 5.0;
				TARGETED_DEVICE_FAMILY = "1,2";
			};
			name = Debug;
		};
		A0B7246C2C8F3177003D3E4F /* Release */ = {
			isa = XCBuildConfiguration;
			buildSettings = {
				ALWAYS_EMBED_SWIFT_STANDARD_LIBRARIES = YES;
				ASSETCATALOG_COMPILER_APPICON_NAME = AppIcon;
				ASSETCATALOG_COMPILER_GLOBAL_ACCENT_COLOR_NAME = AccentColor;
				CODE_SIGN_ENTITLEMENTS = Gradients/Gradients.entitlements;
				CODE_SIGN_STYLE = Automatic;
				CURRENT_PROJECT_VERSION = 1;
				DEVELOPMENT_ASSET_PATHS = "\"Gradients/Preview Content\"";
				DEVELOPMENT_TEAM = 3U43ADBY7W;
				ENABLE_HARDENED_RUNTIME = YES;
				ENABLE_PREVIEWS = YES;
				GENERATE_INFOPLIST_FILE = YES;
				"INFOPLIST_KEY_UIApplicationSceneManifest_Generation[sdk=iphoneos*]" = YES;
				"INFOPLIST_KEY_UIApplicationSceneManifest_Generation[sdk=iphonesimulator*]" = YES;
				"INFOPLIST_KEY_UIApplicationSupportsIndirectInputEvents[sdk=iphoneos*]" = YES;
				"INFOPLIST_KEY_UIApplicationSupportsIndirectInputEvents[sdk=iphonesimulator*]" = YES;
				"INFOPLIST_KEY_UILaunchScreen_Generation[sdk=iphoneos*]" = YES;
				"INFOPLIST_KEY_UILaunchScreen_Generation[sdk=iphonesimulator*]" = YES;
				"INFOPLIST_KEY_UIStatusBarStyle[sdk=iphoneos*]" = UIStatusBarStyleDefault;
				"INFOPLIST_KEY_UIStatusBarStyle[sdk=iphonesimulator*]" = UIStatusBarStyleDefault;
				INFOPLIST_KEY_UISupportedInterfaceOrientations_iPad = "UIInterfaceOrientationPortrait UIInterfaceOrientationPortraitUpsideDown UIInterfaceOrientationLandscapeLeft UIInterfaceOrientationLandscapeRight";
				INFOPLIST_KEY_UISupportedInterfaceOrientations_iPhone = "UIInterfaceOrientationPortrait UIInterfaceOrientationLandscapeLeft UIInterfaceOrientationLandscapeRight";
				IPHONEOS_DEPLOYMENT_TARGET = 17.5;
				LD_RUNPATH_SEARCH_PATHS = "@executable_path/Frameworks";
				"LD_RUNPATH_SEARCH_PATHS[sdk=macosx*]" = "@executable_path/../Frameworks";
				MACOSX_DEPLOYMENT_TARGET = 14.5;
				MARKETING_VERSION = 1.0;
				PRODUCT_BUNDLE_IDENTIFIER = testing.Gradients;
				PRODUCT_NAME = "$(TARGET_NAME)";
				SDKROOT = auto;
				SUPPORTED_PLATFORMS = "iphoneos iphonesimulator macosx";
				SUPPORTS_MACCATALYST = NO;
				SWIFT_EMIT_LOC_STRINGS = YES;
				SWIFT_VERSION = 5.0;
				TARGETED_DEVICE_FAMILY = "1,2";
			};
			name = Release;
		};
		A0B7248E2C8F31AD003D3E4F /* Debug */ = {
			isa = XCBuildConfiguration;
			buildSettings = {
				ALLOW_TARGET_PLATFORM_SPECIALIZATION = YES;
				BUILD_LIBRARY_FOR_DISTRIBUTION = YES;
				CLANG_ENABLE_MODULES = YES;
				CODE_SIGN_STYLE = Automatic;
				CURRENT_PROJECT_VERSION = 1;
				DEFINES_MODULE = YES;
				DEVELOPMENT_TEAM = 3U43ADBY7W;
				DYLIB_COMPATIBILITY_VERSION = 1;
				DYLIB_CURRENT_VERSION = 1;
				DYLIB_INSTALL_NAME_BASE = "@rpath";
				ENABLE_MODULE_VERIFIER = YES;
				GENERATE_INFOPLIST_FILE = YES;
				INFOPLIST_KEY_NSHumanReadableCopyright = "";
				INSTALL_PATH = "$(LOCAL_LIBRARY_DIR)/Frameworks";
				IPHONEOS_DEPLOYMENT_TARGET = 17.5;
				LD_RUNPATH_SEARCH_PATHS = (
					"@executable_path/Frameworks",
					"@loader_path/Frameworks",
				);
				"LD_RUNPATH_SEARCH_PATHS[sdk=macosx*]" = (
					"@executable_path/../Frameworks",
					"@loader_path/Frameworks",
				);
				MACOSX_DEPLOYMENT_TARGET = 14.5;
				MARKETING_VERSION = 1.0;
				MODULE_VERIFIER_SUPPORTED_LANGUAGES = "objective-c objective-c++";
				MODULE_VERIFIER_SUPPORTED_LANGUAGE_STANDARDS = "gnu17 gnu++20";
				PRODUCT_BUNDLE_IDENTIFIER = testing.GradientListFeature;
				PRODUCT_NAME = "$(TARGET_NAME:c99extidentifier)";
				SDKROOT = auto;
				SKIP_INSTALL = YES;
				SUPPORTED_PLATFORMS = "iphoneos iphonesimulator macosx";
				SWIFT_EMIT_LOC_STRINGS = YES;
				SWIFT_INSTALL_OBJC_HEADER = NO;
				SWIFT_OPTIMIZATION_LEVEL = "-Onone";
				SWIFT_VERSION = 5.0;
				TARGETED_DEVICE_FAMILY = "1,2";
				VERSIONING_SYSTEM = "apple-generic";
				VERSION_INFO_PREFIX = "";
			};
			name = Debug;
		};
		A0B7248F2C8F31AD003D3E4F /* Release */ = {
			isa = XCBuildConfiguration;
			buildSettings = {
				ALLOW_TARGET_PLATFORM_SPECIALIZATION = YES;
				BUILD_LIBRARY_FOR_DISTRIBUTION = YES;
				CLANG_ENABLE_MODULES = YES;
				CODE_SIGN_STYLE = Automatic;
				CURRENT_PROJECT_VERSION = 1;
				DEFINES_MODULE = YES;
				DEVELOPMENT_TEAM = 3U43ADBY7W;
				DYLIB_COMPATIBILITY_VERSION = 1;
				DYLIB_CURRENT_VERSION = 1;
				DYLIB_INSTALL_NAME_BASE = "@rpath";
				ENABLE_MODULE_VERIFIER = YES;
				GENERATE_INFOPLIST_FILE = YES;
				INFOPLIST_KEY_NSHumanReadableCopyright = "";
				INSTALL_PATH = "$(LOCAL_LIBRARY_DIR)/Frameworks";
				IPHONEOS_DEPLOYMENT_TARGET = 17.5;
				LD_RUNPATH_SEARCH_PATHS = (
					"@executable_path/Frameworks",
					"@loader_path/Frameworks",
				);
				"LD_RUNPATH_SEARCH_PATHS[sdk=macosx*]" = (
					"@executable_path/../Frameworks",
					"@loader_path/Frameworks",
				);
				MACOSX_DEPLOYMENT_TARGET = 14.5;
				MARKETING_VERSION = 1.0;
				MODULE_VERIFIER_SUPPORTED_LANGUAGES = "objective-c objective-c++";
				MODULE_VERIFIER_SUPPORTED_LANGUAGE_STANDARDS = "gnu17 gnu++20";
				PRODUCT_BUNDLE_IDENTIFIER = testing.GradientListFeature;
				PRODUCT_NAME = "$(TARGET_NAME:c99extidentifier)";
				SDKROOT = auto;
				SKIP_INSTALL = YES;
				SUPPORTED_PLATFORMS = "iphoneos iphonesimulator macosx";
				SWIFT_EMIT_LOC_STRINGS = YES;
				SWIFT_INSTALL_OBJC_HEADER = NO;
				SWIFT_VERSION = 5.0;
				TARGETED_DEVICE_FAMILY = "1,2";
				VERSIONING_SYSTEM = "apple-generic";
				VERSION_INFO_PREFIX = "";
			};
			name = Release;
		};
		A0B724922C8F31AD003D3E4F /* Debug */ = {
			isa = XCBuildConfiguration;
			buildSettings = {
				ALLOW_TARGET_PLATFORM_SPECIALIZATION = YES;
				ALWAYS_EMBED_SWIFT_STANDARD_LIBRARIES = YES;
				CLANG_ENABLE_MODULES = YES;
				CODE_SIGN_STYLE = Automatic;
				CURRENT_PROJECT_VERSION = 1;
				DEVELOPMENT_TEAM = 3U43ADBY7W;
				GENERATE_INFOPLIST_FILE = YES;
				IPHONEOS_DEPLOYMENT_TARGET = 17.5;
				MACOSX_DEPLOYMENT_TARGET = 14.5;
				MARKETING_VERSION = 1.0;
				PRODUCT_BUNDLE_IDENTIFIER = testing.GradientListFeatureTests;
				PRODUCT_NAME = "$(TARGET_NAME)";
				SDKROOT = auto;
				SUPPORTED_PLATFORMS = "iphoneos iphonesimulator macosx";
				SWIFT_EMIT_LOC_STRINGS = NO;
				SWIFT_OBJC_BRIDGING_HEADER = "GroceryListFeatureTests/GroceryListFeatureTests-Bridging-Header.h";
				SWIFT_OPTIMIZATION_LEVEL = "-Onone";
				SWIFT_VERSION = 5.0;
				TARGETED_DEVICE_FAMILY = "1,2";
			};
			name = Debug;
		};
		A0B724932C8F31AD003D3E4F /* Release */ = {
			isa = XCBuildConfiguration;
			buildSettings = {
				ALLOW_TARGET_PLATFORM_SPECIALIZATION = YES;
				ALWAYS_EMBED_SWIFT_STANDARD_LIBRARIES = YES;
				CLANG_ENABLE_MODULES = YES;
				CODE_SIGN_STYLE = Automatic;
				CURRENT_PROJECT_VERSION = 1;
				DEVELOPMENT_TEAM = 3U43ADBY7W;
				GENERATE_INFOPLIST_FILE = YES;
				IPHONEOS_DEPLOYMENT_TARGET = 17.5;
				MACOSX_DEPLOYMENT_TARGET = 14.5;
				MARKETING_VERSION = 1.0;
				PRODUCT_BUNDLE_IDENTIFIER = testing.GradientListFeatureTests;
				PRODUCT_NAME = "$(TARGET_NAME)";
				SDKROOT = auto;
				SUPPORTED_PLATFORMS = "iphoneos iphonesimulator macosx";
				SWIFT_EMIT_LOC_STRINGS = NO;
				SWIFT_OBJC_BRIDGING_HEADER = "GroceryListFeatureTests/GroceryListFeatureTests-Bridging-Header.h";
				SWIFT_VERSION = 5.0;
				TARGETED_DEVICE_FAMILY = "1,2";
			};
			name = Release;
		};
/* End XCBuildConfiguration section */

/* Begin XCConfigurationList section */
		A0B724402C8F3175003D3E4F /* Build configuration list for PBXProject "Gradients" */ = {
			isa = XCConfigurationList;
			buildConfigurations = (
				A0B724682C8F3177003D3E4F /* Debug */,
				A0B724692C8F3177003D3E4F /* Release */,
			);
			defaultConfigurationIsVisible = 0;
			defaultConfigurationName = Release;
		};
		A0B7246A2C8F3177003D3E4F /* Build configuration list for PBXNativeTarget "Gradients" */ = {
			isa = XCConfigurationList;
			buildConfigurations = (
				A0B7246B2C8F3177003D3E4F /* Debug */,
				A0B7246C2C8F3177003D3E4F /* Release */,
			);
			defaultConfigurationIsVisible = 0;
			defaultConfigurationName = Release;
		};
		A0B7248D2C8F31AD003D3E4F /* Build configuration list for PBXNativeTarget "GroceryListFeature" */ = {
			isa = XCConfigurationList;
			buildConfigurations = (
				A0B7248E2C8F31AD003D3E4F /* Debug */,
				A0B7248F2C8F31AD003D3E4F /* Release */,
			);
			defaultConfigurationIsVisible = 0;
			defaultConfigurationName = Release;
		};
		A0B724912C8F31AD003D3E4F /* Build configuration list for PBXNativeTarget "GroceryListFeatureTests" */ = {
			isa = XCConfigurationList;
			buildConfigurations = (
				A0B724922C8F31AD003D3E4F /* Debug */,
				A0B724932C8F31AD003D3E4F /* Release */,
			);
			defaultConfigurationIsVisible = 0;
			defaultConfigurationName = Release;
		};
/* End XCConfigurationList section */
	};
	rootObject = A0B7243D2C8F3175003D3E4F /* Project object */;
}
